<?xml version="1.0" encoding="utf-8"?>
<Project ToolsVersion="4.0" xmlns="http://schemas.microsoft.com/developer/msbuild/2003">
  <ItemGroup>
    <Filter Include="Source Files">
      <UniqueIdentifier>{4FC737F1-C7A5-4376-A066-2A32D752A2FF}</UniqueIdentifier>
      <Extensions>cpp;c;cc;cxx;def;odl;idl;hpj;bat;asm;asmx</Extensions>
    </Filter>
    <Filter Include="Header Files">
      <UniqueIdentifier>{93995380-89BD-4b04-88EB-625FBE52EBFB}</UniqueIdentifier>
      <Extensions>h;hh;hpp;hxx;hm;inl;inc;ipp;xsd</Extensions>
    </Filter>
    <Filter Include="Resource Files">
      <UniqueIdentifier>{67DA6AB6-F800-4c08-8B7A-83BB121AAD01}</UniqueIdentifier>
      <Extensions>rc;ico;cur;bmp;dlg;rc2;rct;bin;rgs;gif;jpg;jpeg;jpe;resx;tiff;tif;png;wav;mfcribbon-ms</Extensions>
    </Filter>
  </ItemGroup>
  <ItemGroup>
    <ClInclude Include="Headers\Action.h">
      <Filter>Header Files</Filter>
    </ClInclude>
    <ClInclude Include="Headers\ActionBox.h">
      <Filter>Header Files</Filter>
    </ClInclude>
    <ClInclude Include="Headers\Button.h">
      <Filter>Header Files</Filter>
    </ClInclude>
    <ClInclude Include="Headers\Character.h">
      <Filter>Header Files</Filter>
    </ClInclude>
    <ClInclude Include="Headers\Collider.h">
      <Filter>Header Files</Filter>
    </ClInclude>
    <ClInclude Include="Headers\Enemy.h">
      <Filter>Header Files</Filter>
    </ClInclude>
    <ClInclude Include="Headers\FontAtlas.h">
      <Filter>Header Files</Filter>
    </ClInclude>
    <ClInclude Include="Headers\Game.h">
      <Filter>Header Files</Filter>
    </ClInclude>
    <ClInclude Include="Headers\GameObject.h">
      <Filter>Header Files</Filter>
    </ClInclude>
    <ClInclude Include="Headers\InfoBox.h">
      <Filter>Header Files</Filter>
    </ClInclude>
    <ClInclude Include="Headers\Player.h">
      <Filter>Header Files</Filter>
    </ClInclude>
    <ClInclude Include="Headers\Resource_manager.h">
      <Filter>Header Files</Filter>
    </ClInclude>
    <ClInclude Include="Headers\Selectable.h">
      <Filter>Header Files</Filter>
    </ClInclude>
    <ClInclude Include="Headers\Shader.h">
      <Filter>Header Files</Filter>
    </ClInclude>
    <ClInclude Include="Headers\SpriteRender.h">
      <Filter>Header Files</Filter>
    </ClInclude>
    <ClInclude Include="Headers\Texture.h">
      <Filter>Header Files</Filter>
    </ClInclude>
  </ItemGroup>
  <ItemGroup>
    <ClCompile Include="glad.c">
      <Filter>Source Files</Filter>
    </ClCompile>
    <ClCompile Include="CPP_Files\Action.cpp">
      <Filter>Source Files</Filter>
    </ClCompile>
    <ClCompile Include="CPP_Files\ActionBox.cpp">
      <Filter>Source Files</Filter>
    </ClCompile>
    <ClCompile Include="CPP_Files\Button.cpp">
      <Filter>Source Files</Filter>
    </ClCompile>
    <ClCompile Include="CPP_Files\Character.cpp">
      <Filter>Source Files</Filter>
    </ClCompile>
    <ClCompile Include="CPP_Files\Collider.cpp">
      <Filter>Source Files</Filter>
    </ClCompile>
    <ClCompile Include="CPP_Files\Display.cpp">
      <Filter>Source Files</Filter>
    </ClCompile>
    <ClCompile Include="CPP_Files\Enemy.cpp">
      <Filter>Source Files</Filter>
    </ClCompile>
    <ClCompile Include="CPP_Files\FontAtlas.cpp">
      <Filter>Source Files</Filter>
    </ClCompile>
    <ClCompile Include="CPP_Files\Game.cpp">
      <Filter>Source Files</Filter>
    </ClCompile>
    <ClCompile Include="CPP_Files\GameObject.cpp">
      <Filter>Source Files</Filter>
    </ClCompile>
    <ClCompile Include="CPP_Files\InfoBox.cpp">
      <Filter>Source Files</Filter>
    </ClCompile>
    <ClCompile Include="CPP_Files\Player.cpp">
      <Filter>Source Files</Filter>
    </ClCompile>
    <ClCompile Include="CPP_Files\Resource_manager.cpp">
      <Filter>Source Files</Filter>
    </ClCompile>
    <ClCompile Include="CPP_Files\Selectable.cpp">
      <Filter>Source Files</Filter>
    </ClCompile>
    <ClCompile Include="CPP_Files\Shader.cpp">
      <Filter>Source Files</Filter>
    </ClCompile>
    <ClCompile Include="CPP_Files\SpriteRender.cpp">
      <Filter>Source Files</Filter>
    </ClCompile>
    <ClCompile Include="CPP_Files\Texture.cpp">
      <Filter>Source Files</Filter>
    </ClCompile>
  </ItemGroup>
  <ItemGroup>
    <Text Include="Shaders\TextureFrag.txt" />
    <Text Include="Shaders\TextureVertex.txt" />
    <Text Include="Shaders\QuadFrag.txt" />
    <Text Include="Shaders\QuadVertex.txt" />
    <Text Include="Shaders\WordFrag.txt" />
    <Text Include="Shaders\WordVertex.txt" />
  </ItemGroup>
</Project>